
Microsoft Visual Studio Solution File, Format Version 12.00
# Visual Studio Version 17
VisualStudioVersion = 17.4.33403.182
MinimumVisualStudioVersion = 10.0.40219.1
Project("{9A19103F-16F7-4668-BE54-9A1E7A4F7556}") = "Application.Database", "Application.Database\Application.Database.csproj", "{B14DA7F3-D3B4-458A-AC38-6DCD92DDE621}"
EndProject
Project("{9A19103F-16F7-4668-BE54-9A1E7A4F7556}") = "Application.Desktop", "Application.Desktop\Application.Desktop.csproj", "{90CECE98-D17D-4715-8C18-1AA8548A10B1}"
EndProject
Project("{9A19103F-16F7-4668-BE54-9A1E7A4F7556}") = "Application.WebApi", "Application.WebApi\Application.WebApi.csproj", "{FC81895C-1167-4D40-BBCC-63FB67A431E5}"
EndProject
Project("{9A19103F-16F7-4668-BE54-9A1E7A4F7556}") = "Application.Authorize", "Application.Authorize\Application.Authorize.csproj", "{2D8BA4B1-A0EB-436F-B29A-8A986C898BF6}"
EndProject
Project("{9A19103F-16F7-4668-BE54-9A1E7A4F7556}") = "Application.Web.Client", "Application.Web.Client\Application.Web.Client.csproj", "{121AC69C-5402-4F9B-B8F0-4D29E12D9E17}"
EndProject
Project("{FAE04EC0-301F-11D3-BF4B-00C04F79EFBC}") = "Application.Mobile.UWP", "Application.Mobile\Application.Mobile.UWP\Application.Mobile.UWP.csproj", "{7FFD03D8-A80F-49DA-8616-5E92AA5B3690}"
EndProject
Project("{FAE04EC0-301F-11D3-BF4B-00C04F79EFBC}") = "Application.Mobile.Android", "Application.Mobile\Application.Mobile.Android\Application.Mobile.Android.csproj", "{A295897B-B1F8-454F-B5D0-899479284AB8}"
EndProject
Project("{FAE04EC0-301F-11D3-BF4B-00C04F79EFBC}") = "Application.Mobile.iOS", "Application.Mobile\Application.Mobile.iOS\Application.Mobile.iOS.csproj", "{13425B97-8B15-4AA5-B3DE-70E3BBC2D7E0}"
EndProject
Project("{FAE04EC0-301F-11D3-BF4B-00C04F79EFBC}") = "Application.Mobile", "Application.Mobile\Application.Mobile\Application.Mobile.csproj", "{70F05FD3-8000-4637-956B-9199A17BA106}"
EndProject
Global
	GlobalSection(SolutionConfigurationPlatforms) = preSolution
		Debug|Any CPU = Debug|Any CPU
		Debug|ARM = Debug|ARM
		Debug|iPhone = Debug|iPhone
		Debug|iPhoneSimulator = Debug|iPhoneSimulator
		Debug|x64 = Debug|x64
		Debug|x86 = Debug|x86
		Release|Any CPU = Release|Any CPU
		Release|ARM = Release|ARM
		Release|iPhone = Release|iPhone
		Release|iPhoneSimulator = Release|iPhoneSimulator
		Release|x64 = Release|x64
		Release|x86 = Release|x86
	EndGlobalSection
	GlobalSection(ProjectConfigurationPlatforms) = postSolution
		{B14DA7F3-D3B4-458A-AC38-6DCD92DDE621}.Debug|Any CPU.ActiveCfg = Debug|Any CPU
		{B14DA7F3-D3B4-458A-AC38-6DCD92DDE621}.Debug|Any CPU.Build.0 = Debug|Any CPU
		{B14DA7F3-D3B4-458A-AC38-6DCD92DDE621}.Debug|ARM.ActiveCfg = Debug|Any CPU
		{B14DA7F3-D3B4-458A-AC38-6DCD92DDE621}.Debug|ARM.Build.0 = Debug|Any CPU
		{B14DA7F3-D3B4-458A-AC38-6DCD92DDE621}.Debug|iPhone.ActiveCfg = Debug|Any CPU
		{B14DA7F3-D3B4-458A-AC38-6DCD92DDE621}.Debug|iPhone.Build.0 = Debug|Any CPU
		{B14DA7F3-D3B4-458A-AC38-6DCD92DDE621}.Debug|iPhoneSimulator.ActiveCfg = Debug|Any CPU
		{B14DA7F3-D3B4-458A-AC38-6DCD92DDE621}.Debug|iPhoneSimulator.Build.0 = Debug|Any CPU
		{B14DA7F3-D3B4-458A-AC38-6DCD92DDE621}.Debug|x64.ActiveCfg = Debug|Any CPU
		{B14DA7F3-D3B4-458A-AC38-6DCD92DDE621}.Debug|x64.Build.0 = Debug|Any CPU
		{B14DA7F3-D3B4-458A-AC38-6DCD92DDE621}.Debug|x86.ActiveCfg = Debug|Any CPU
		{B14DA7F3-D3B4-458A-AC38-6DCD92DDE621}.Debug|x86.Build.0 = Debug|Any CPU
		{B14DA7F3-D3B4-458A-AC38-6DCD92DDE621}.Release|Any CPU.ActiveCfg = Release|Any CPU
		{B14DA7F3-D3B4-458A-AC38-6DCD92DDE621}.Release|Any CPU.Build.0 = Release|Any CPU
		{B14DA7F3-D3B4-458A-AC38-6DCD92DDE621}.Release|ARM.ActiveCfg = Release|Any CPU
		{B14DA7F3-D3B4-458A-AC38-6DCD92DDE621}.Release|ARM.Build.0 = Release|Any CPU
		{B14DA7F3-D3B4-458A-AC38-6DCD92DDE621}.Release|iPhone.ActiveCfg = Release|Any CPU
		{B14DA7F3-D3B4-458A-AC38-6DCD92DDE621}.Release|iPhone.Build.0 = Release|Any CPU
		{B14DA7F3-D3B4-458A-AC38-6DCD92DDE621}.Release|iPhoneSimulator.ActiveCfg = Release|Any CPU
		{B14DA7F3-D3B4-458A-AC38-6DCD92DDE621}.Release|iPhoneSimulator.Build.0 = Release|Any CPU
		{B14DA7F3-D3B4-458A-AC38-6DCD92DDE621}.Release|x64.ActiveCfg = Release|Any CPU
		{B14DA7F3-D3B4-458A-AC38-6DCD92DDE621}.Release|x64.Build.0 = Release|Any CPU
		{B14DA7F3-D3B4-458A-AC38-6DCD92DDE621}.Release|x86.ActiveCfg = Release|Any CPU
		{B14DA7F3-D3B4-458A-AC38-6DCD92DDE621}.Release|x86.Build.0 = Release|Any CPU
		{90CECE98-D17D-4715-8C18-1AA8548A10B1}.Debug|Any CPU.ActiveCfg = Debug|Any CPU
		{90CECE98-D17D-4715-8C18-1AA8548A10B1}.Debug|Any CPU.Build.0 = Debug|Any CPU
		{90CECE98-D17D-4715-8C18-1AA8548A10B1}.Debug|ARM.ActiveCfg = Debug|Any CPU
		{90CECE98-D17D-4715-8C18-1AA8548A10B1}.Debug|ARM.Build.0 = Debug|Any CPU
		{90CECE98-D17D-4715-8C18-1AA8548A10B1}.Debug|iPhone.ActiveCfg = Debug|Any CPU
		{90CECE98-D17D-4715-8C18-1AA8548A10B1}.Debug|iPhone.Build.0 = Debug|Any CPU
		{90CECE98-D17D-4715-8C18-1AA8548A10B1}.Debug|iPhoneSimulator.ActiveCfg = Debug|Any CPU
		{90CECE98-D17D-4715-8C18-1AA8548A10B1}.Debug|iPhoneSimulator.Build.0 = Debug|Any CPU
		{90CECE98-D17D-4715-8C18-1AA8548A10B1}.Debug|x64.ActiveCfg = Debug|Any CPU
		{90CECE98-D17D-4715-8C18-1AA8548A10B1}.Debug|x64.Build.0 = Debug|Any CPU
		{90CECE98-D17D-4715-8C18-1AA8548A10B1}.Debug|x86.ActiveCfg = Debug|Any CPU
		{90CECE98-D17D-4715-8C18-1AA8548A10B1}.Debug|x86.Build.0 = Debug|Any CPU
		{90CECE98-D17D-4715-8C18-1AA8548A10B1}.Release|Any CPU.ActiveCfg = Release|Any CPU
		{90CECE98-D17D-4715-8C18-1AA8548A10B1}.Release|Any CPU.Build.0 = Release|Any CPU
		{90CECE98-D17D-4715-8C18-1AA8548A10B1}.Release|ARM.ActiveCfg = Release|Any CPU
		{90CECE98-D17D-4715-8C18-1AA8548A10B1}.Release|ARM.Build.0 = Release|Any CPU
		{90CECE98-D17D-4715-8C18-1AA8548A10B1}.Release|iPhone.ActiveCfg = Release|Any CPU
		{90CECE98-D17D-4715-8C18-1AA8548A10B1}.Release|iPhone.Build.0 = Release|Any CPU
		{90CECE98-D17D-4715-8C18-1AA8548A10B1}.Release|iPhoneSimulator.ActiveCfg = Release|Any CPU
		{90CECE98-D17D-4715-8C18-1AA8548A10B1}.Release|iPhoneSimulator.Build.0 = Release|Any CPU
		{90CECE98-D17D-4715-8C18-1AA8548A10B1}.Release|x64.ActiveCfg = Release|Any CPU
		{90CECE98-D17D-4715-8C18-1AA8548A10B1}.Release|x64.Build.0 = Release|Any CPU
		{90CECE98-D17D-4715-8C18-1AA8548A10B1}.Release|x86.ActiveCfg = Release|Any CPU
		{90CECE98-D17D-4715-8C18-1AA8548A10B1}.Release|x86.Build.0 = Release|Any CPU
		{FC81895C-1167-4D40-BBCC-63FB67A431E5}.Debug|Any CPU.ActiveCfg = Debug|Any CPU
		{FC81895C-1167-4D40-BBCC-63FB67A431E5}.Debug|Any CPU.Build.0 = Debug|Any CPU
		{FC81895C-1167-4D40-BBCC-63FB67A431E5}.Debug|ARM.ActiveCfg = Debug|Any CPU
		{FC81895C-1167-4D40-BBCC-63FB67A431E5}.Debug|ARM.Build.0 = Debug|Any CPU
		{FC81895C-1167-4D40-BBCC-63FB67A431E5}.Debug|iPhone.ActiveCfg = Debug|Any CPU
		{FC81895C-1167-4D40-BBCC-63FB67A431E5}.Debug|iPhone.Build.0 = Debug|Any CPU
		{FC81895C-1167-4D40-BBCC-63FB67A431E5}.Debug|iPhoneSimulator.ActiveCfg = Debug|Any CPU
		{FC81895C-1167-4D40-BBCC-63FB67A431E5}.Debug|iPhoneSimulator.Build.0 = Debug|Any CPU
		{FC81895C-1167-4D40-BBCC-63FB67A431E5}.Debug|x64.ActiveCfg = Debug|Any CPU
		{FC81895C-1167-4D40-BBCC-63FB67A431E5}.Debug|x64.Build.0 = Debug|Any CPU
		{FC81895C-1167-4D40-BBCC-63FB67A431E5}.Debug|x86.ActiveCfg = Debug|Any CPU
		{FC81895C-1167-4D40-BBCC-63FB67A431E5}.Debug|x86.Build.0 = Debug|Any CPU
		{FC81895C-1167-4D40-BBCC-63FB67A431E5}.Release|Any CPU.ActiveCfg = Release|Any CPU
		{FC81895C-1167-4D40-BBCC-63FB67A431E5}.Release|Any CPU.Build.0 = Release|Any CPU
		{FC81895C-1167-4D40-BBCC-63FB67A431E5}.Release|ARM.ActiveCfg = Release|Any CPU
		{FC81895C-1167-4D40-BBCC-63FB67A431E5}.Release|ARM.Build.0 = Release|Any CPU
		{FC81895C-1167-4D40-BBCC-63FB67A431E5}.Release|iPhone.ActiveCfg = Release|Any CPU
		{FC81895C-1167-4D40-BBCC-63FB67A431E5}.Release|iPhone.Build.0 = Release|Any CPU
		{FC81895C-1167-4D40-BBCC-63FB67A431E5}.Release|iPhoneSimulator.ActiveCfg = Release|Any CPU
		{FC81895C-1167-4D40-BBCC-63FB67A431E5}.Release|iPhoneSimulator.Build.0 = Release|Any CPU
		{FC81895C-1167-4D40-BBCC-63FB67A431E5}.Release|x64.ActiveCfg = Release|Any CPU
		{FC81895C-1167-4D40-BBCC-63FB67A431E5}.Release|x64.Build.0 = Release|Any CPU
		{FC81895C-1167-4D40-BBCC-63FB67A431E5}.Release|x86.ActiveCfg = Release|Any CPU
		{FC81895C-1167-4D40-BBCC-63FB67A431E5}.Release|x86.Build.0 = Release|Any CPU
		{2D8BA4B1-A0EB-436F-B29A-8A986C898BF6}.Debug|Any CPU.ActiveCfg = Debug|Any CPU
		{2D8BA4B1-A0EB-436F-B29A-8A986C898BF6}.Debug|Any CPU.Build.0 = Debug|Any CPU
		{2D8BA4B1-A0EB-436F-B29A-8A986C898BF6}.Debug|ARM.ActiveCfg = Debug|Any CPU
		{2D8BA4B1-A0EB-436F-B29A-8A986C898BF6}.Debug|ARM.Build.0 = Debug|Any CPU
		{2D8BA4B1-A0EB-436F-B29A-8A986C898BF6}.Debug|iPhone.ActiveCfg = Debug|Any CPU
		{2D8BA4B1-A0EB-436F-B29A-8A986C898BF6}.Debug|iPhone.Build.0 = Debug|Any CPU
		{2D8BA4B1-A0EB-436F-B29A-8A986C898BF6}.Debug|iPhoneSimulator.ActiveCfg = Debug|Any CPU
		{2D8BA4B1-A0EB-436F-B29A-8A986C898BF6}.Debug|iPhoneSimulator.Build.0 = Debug|Any CPU
		{2D8BA4B1-A0EB-436F-B29A-8A986C898BF6}.Debug|x64.ActiveCfg = Debug|Any CPU
		{2D8BA4B1-A0EB-436F-B29A-8A986C898BF6}.Debug|x64.Build.0 = Debug|Any CPU
		{2D8BA4B1-A0EB-436F-B29A-8A986C898BF6}.Debug|x86.ActiveCfg = Debug|Any CPU
		{2D8BA4B1-A0EB-436F-B29A-8A986C898BF6}.Debug|x86.Build.0 = Debug|Any CPU
		{2D8BA4B1-A0EB-436F-B29A-8A986C898BF6}.Release|Any CPU.ActiveCfg = Release|Any CPU
		{2D8BA4B1-A0EB-436F-B29A-8A986C898BF6}.Release|Any CPU.Build.0 = Release|Any CPU
		{2D8BA4B1-A0EB-436F-B29A-8A986C898BF6}.Release|ARM.ActiveCfg = Release|Any CPU
		{2D8BA4B1-A0EB-436F-B29A-8A986C898BF6}.Release|ARM.Build.0 = Release|Any CPU
		{2D8BA4B1-A0EB-436F-B29A-8A986C898BF6}.Release|iPhone.ActiveCfg = Release|Any CPU
		{2D8BA4B1-A0EB-436F-B29A-8A986C898BF6}.Release|iPhone.Build.0 = Release|Any CPU
		{2D8BA4B1-A0EB-436F-B29A-8A986C898BF6}.Release|iPhoneSimulator.ActiveCfg = Release|Any CPU
		{2D8BA4B1-A0EB-436F-B29A-8A986C898BF6}.Release|iPhoneSimulator.Build.0 = Release|Any CPU
		{2D8BA4B1-A0EB-436F-B29A-8A986C898BF6}.Release|x64.ActiveCfg = Release|Any CPU
		{2D8BA4B1-A0EB-436F-B29A-8A986C898BF6}.Release|x64.Build.0 = Release|Any CPU
		{2D8BA4B1-A0EB-436F-B29A-8A986C898BF6}.Release|x86.ActiveCfg = Release|Any CPU
		{2D8BA4B1-A0EB-436F-B29A-8A986C898BF6}.Release|x86.Build.0 = Release|Any CPU
		{121AC69C-5402-4F9B-B8F0-4D29E12D9E17}.Debug|Any CPU.ActiveCfg = Debug|Any CPU
		{121AC69C-5402-4F9B-B8F0-4D29E12D9E17}.Debug|Any CPU.Build.0 = Debug|Any CPU
		{121AC69C-5402-4F9B-B8F0-4D29E12D9E17}.Debug|ARM.ActiveCfg = Debug|Any CPU
		{121AC69C-5402-4F9B-B8F0-4D29E12D9E17}.Debug|ARM.Build.0 = Debug|Any CPU
		{121AC69C-5402-4F9B-B8F0-4D29E12D9E17}.Debug|iPhone.ActiveCfg = Debug|Any CPU
		{121AC69C-5402-4F9B-B8F0-4D29E12D9E17}.Debug|iPhone.Build.0 = Debug|Any CPU
		{121AC69C-5402-4F9B-B8F0-4D29E12D9E17}.Debug|iPhoneSimulator.ActiveCfg = Debug|Any CPU
		{121AC69C-5402-4F9B-B8F0-4D29E12D9E17}.Debug|iPhoneSimulator.Build.0 = Debug|Any CPU
		{121AC69C-5402-4F9B-B8F0-4D29E12D9E17}.Debug|x64.ActiveCfg = Debug|Any CPU
		{121AC69C-5402-4F9B-B8F0-4D29E12D9E17}.Debug|x64.Build.0 = Debug|Any CPU
		{121AC69C-5402-4F9B-B8F0-4D29E12D9E17}.Debug|x86.ActiveCfg = Debug|Any CPU
		{121AC69C-5402-4F9B-B8F0-4D29E12D9E17}.Debug|x86.Build.0 = Debug|Any CPU
		{121AC69C-5402-4F9B-B8F0-4D29E12D9E17}.Release|Any CPU.ActiveCfg = Release|Any CPU
		{121AC69C-5402-4F9B-B8F0-4D29E12D9E17}.Release|Any CPU.Build.0 = Release|Any CPU
		{121AC69C-5402-4F9B-B8F0-4D29E12D9E17}.Release|ARM.ActiveCfg = Release|Any CPU
		{121AC69C-5402-4F9B-B8F0-4D29E12D9E17}.Release|ARM.Build.0 = Release|Any CPU
		{121AC69C-5402-4F9B-B8F0-4D29E12D9E17}.Release|iPhone.ActiveCfg = Release|Any CPU
		{121AC69C-5402-4F9B-B8F0-4D29E12D9E17}.Release|iPhone.Build.0 = Release|Any CPU
		{121AC69C-5402-4F9B-B8F0-4D29E12D9E17}.Release|iPhoneSimulator.ActiveCfg = Release|Any CPU
		{121AC69C-5402-4F9B-B8F0-4D29E12D9E17}.Release|iPhoneSimulator.Build.0 = Release|Any CPU
		{121AC69C-5402-4F9B-B8F0-4D29E12D9E17}.Release|x64.ActiveCfg = Release|Any CPU
		{121AC69C-5402-4F9B-B8F0-4D29E12D9E17}.Release|x64.Build.0 = Release|Any CPU
		{121AC69C-5402-4F9B-B8F0-4D29E12D9E17}.Release|x86.ActiveCfg = Release|Any CPU
		{121AC69C-5402-4F9B-B8F0-4D29E12D9E17}.Release|x86.Build.0 = Release|Any CPU
		{7FFD03D8-A80F-49DA-8616-5E92AA5B3690}.Debug|Any CPU.ActiveCfg = Debug|x64
		{7FFD03D8-A80F-49DA-8616-5E92AA5B3690}.Debug|Any CPU.Build.0 = Debug|x64
		{7FFD03D8-A80F-49DA-8616-5E92AA5B3690}.Debug|Any CPU.Deploy.0 = Debug|x64
		{7FFD03D8-A80F-49DA-8616-5E92AA5B3690}.Debug|ARM.ActiveCfg = Debug|ARM
		{7FFD03D8-A80F-49DA-8616-5E92AA5B3690}.Debug|ARM.Build.0 = Debug|ARM
		{7FFD03D8-A80F-49DA-8616-5E92AA5B3690}.Debug|ARM.Deploy.0 = Debug|ARM
		{7FFD03D8-A80F-49DA-8616-5E92AA5B3690}.Debug|iPhone.ActiveCfg = Debug|x64
		{7FFD03D8-A80F-49DA-8616-5E92AA5B3690}.Debug|iPhone.Build.0 = Debug|x64
		{7FFD03D8-A80F-49DA-8616-5E92AA5B3690}.Debug|iPhone.Deploy.0 = Debug|x64
		{7FFD03D8-A80F-49DA-8616-5E92AA5B3690}.Debug|iPhoneSimulator.ActiveCfg = Debug|x64
		{7FFD03D8-A80F-49DA-8616-5E92AA5B3690}.Debug|iPhoneSimulator.Build.0 = Debug|x64
		{7FFD03D8-A80F-49DA-8616-5E92AA5B3690}.Debug|iPhoneSimulator.Deploy.0 = Debug|x64
		{7FFD03D8-A80F-49DA-8616-5E92AA5B3690}.Debug|x64.ActiveCfg = Debug|x64
		{7FFD03D8-A80F-49DA-8616-5E92AA5B3690}.Debug|x64.Build.0 = Debug|x64
		{7FFD03D8-A80F-49DA-8616-5E92AA5B3690}.Debug|x64.Deploy.0 = Debug|x64
		{7FFD03D8-A80F-49DA-8616-5E92AA5B3690}.Debug|x86.ActiveCfg = Debug|x86
		{7FFD03D8-A80F-49DA-8616-5E92AA5B3690}.Debug|x86.Build.0 = Debug|x86
		{7FFD03D8-A80F-49DA-8616-5E92AA5B3690}.Debug|x86.Deploy.0 = Debug|x86
		{7FFD03D8-A80F-49DA-8616-5E92AA5B3690}.Release|Any CPU.ActiveCfg = Release|x64
		{7FFD03D8-A80F-49DA-8616-5E92AA5B3690}.Release|Any CPU.Build.0 = Release|x64
		{7FFD03D8-A80F-49DA-8616-5E92AA5B3690}.Release|Any CPU.Deploy.0 = Release|x64
		{7FFD03D8-A80F-49DA-8616-5E92AA5B3690}.Release|ARM.ActiveCfg = Release|ARM
		{7FFD03D8-A80F-49DA-8616-5E92AA5B3690}.Release|ARM.Build.0 = Release|ARM
		{7FFD03D8-A80F-49DA-8616-5E92AA5B3690}.Release|ARM.Deploy.0 = Release|ARM
		{7FFD03D8-A80F-49DA-8616-5E92AA5B3690}.Release|iPhone.ActiveCfg = Release|x64
		{7FFD03D8-A80F-49DA-8616-5E92AA5B3690}.Release|iPhone.Build.0 = Release|x64
		{7FFD03D8-A80F-49DA-8616-5E92AA5B3690}.Release|iPhone.Deploy.0 = Release|x64
		{7FFD03D8-A80F-49DA-8616-5E92AA5B3690}.Release|iPhoneSimulator.ActiveCfg = Release|x64
		{7FFD03D8-A80F-49DA-8616-5E92AA5B3690}.Release|iPhoneSimulator.Build.0 = Release|x64
		{7FFD03D8-A80F-49DA-8616-5E92AA5B3690}.Release|iPhoneSimulator.Deploy.0 = Release|x64
		{7FFD03D8-A80F-49DA-8616-5E92AA5B3690}.Release|x64.ActiveCfg = Release|x64
		{7FFD03D8-A80F-49DA-8616-5E92AA5B3690}.Release|x64.Build.0 = Release|x64
		{7FFD03D8-A80F-49DA-8616-5E92AA5B3690}.Release|x64.Deploy.0 = Release|x64
		{7FFD03D8-A80F-49DA-8616-5E92AA5B3690}.Release|x86.ActiveCfg = Release|x86
		{7FFD03D8-A80F-49DA-8616-5E92AA5B3690}.Release|x86.Build.0 = Release|x86
		{7FFD03D8-A80F-49DA-8616-5E92AA5B3690}.Release|x86.Deploy.0 = Release|x86
		{A295897B-B1F8-454F-B5D0-899479284AB8}.Debug|Any CPU.ActiveCfg = Debug|Any CPU
		{A295897B-B1F8-454F-B5D0-899479284AB8}.Debug|Any CPU.Build.0 = Debug|Any CPU
		{A295897B-B1F8-454F-B5D0-899479284AB8}.Debug|Any CPU.Deploy.0 = Debug|Any CPU
		{A295897B-B1F8-454F-B5D0-899479284AB8}.Debug|ARM.ActiveCfg = Debug|Any CPU
		{A295897B-B1F8-454F-B5D0-899479284AB8}.Debug|ARM.Build.0 = Debug|Any CPU
		{A295897B-B1F8-454F-B5D0-899479284AB8}.Debug|ARM.Deploy.0 = Debug|Any CPU
		{A295897B-B1F8-454F-B5D0-899479284AB8}.Debug|iPhone.ActiveCfg = Debug|Any CPU
		{A295897B-B1F8-454F-B5D0-899479284AB8}.Debug|iPhone.Build.0 = Debug|Any CPU
		{A295897B-B1F8-454F-B5D0-899479284AB8}.Debug|iPhone.Deploy.0 = Debug|Any CPU
		{A295897B-B1F8-454F-B5D0-899479284AB8}.Debug|iPhoneSimulator.ActiveCfg = Debug|Any CPU
		{A295897B-B1F8-454F-B5D0-899479284AB8}.Debug|iPhoneSimulator.Build.0 = Debug|Any CPU
		{A295897B-B1F8-454F-B5D0-899479284AB8}.Debug|iPhoneSimulator.Deploy.0 = Debug|Any CPU
		{A295897B-B1F8-454F-B5D0-899479284AB8}.Debug|x64.ActiveCfg = Debug|Any CPU
		{A295897B-B1F8-454F-B5D0-899479284AB8}.Debug|x64.Build.0 = Debug|Any CPU
		{A295897B-B1F8-454F-B5D0-899479284AB8}.Debug|x64.Deploy.0 = Debug|Any CPU
		{A295897B-B1F8-454F-B5D0-899479284AB8}.Debug|x86.ActiveCfg = Debug|Any CPU
		{A295897B-B1F8-454F-B5D0-899479284AB8}.Debug|x86.Build.0 = Debug|Any CPU
		{A295897B-B1F8-454F-B5D0-899479284AB8}.Debug|x86.Deploy.0 = Debug|Any CPU
		{A295897B-B1F8-454F-B5D0-899479284AB8}.Release|Any CPU.ActiveCfg = Release|Any CPU
		{A295897B-B1F8-454F-B5D0-899479284AB8}.Release|Any CPU.Build.0 = Release|Any CPU
		{A295897B-B1F8-454F-B5D0-899479284AB8}.Release|Any CPU.Deploy.0 = Release|Any CPU
		{A295897B-B1F8-454F-B5D0-899479284AB8}.Release|ARM.ActiveCfg = Release|Any CPU
		{A295897B-B1F8-454F-B5D0-899479284AB8}.Release|ARM.Build.0 = Release|Any CPU
		{A295897B-B1F8-454F-B5D0-899479284AB8}.Release|ARM.Deploy.0 = Release|Any CPU
		{A295897B-B1F8-454F-B5D0-899479284AB8}.Release|iPhone.ActiveCfg = Release|Any CPU
		{A295897B-B1F8-454F-B5D0-899479284AB8}.Release|iPhone.Build.0 = Release|Any CPU
		{A295897B-B1F8-454F-B5D0-899479284AB8}.Release|iPhone.Deploy.0 = Release|Any CPU
		{A295897B-B1F8-454F-B5D0-899479284AB8}.Release|iPhoneSimulator.ActiveCfg = Release|Any CPU
		{A295897B-B1F8-454F-B5D0-899479284AB8}.Release|iPhoneSimulator.Build.0 = Release|Any CPU
		{A295897B-B1F8-454F-B5D0-899479284AB8}.Release|iPhoneSimulator.Deploy.0 = Release|Any CPU
		{A295897B-B1F8-454F-B5D0-899479284AB8}.Release|x64.ActiveCfg = Release|Any CPU
		{A295897B-B1F8-454F-B5D0-899479284AB8}.Release|x64.Build.0 = Release|Any CPU
		{A295897B-B1F8-454F-B5D0-899479284AB8}.Release|x64.Deploy.0 = Release|Any CPU
		{A295897B-B1F8-454F-B5D0-899479284AB8}.Release|x86.ActiveCfg = Release|Any CPU
		{A295897B-B1F8-454F-B5D0-899479284AB8}.Release|x86.Build.0 = Release|Any CPU
		{A295897B-B1F8-454F-B5D0-899479284AB8}.Release|x86.Deploy.0 = Release|Any CPU
		{13425B97-8B15-4AA5-B3DE-70E3BBC2D7E0}.Debug|Any CPU.ActiveCfg = Debug|iPhoneSimulator
		{13425B97-8B15-4AA5-B3DE-70E3BBC2D7E0}.Debug|Any CPU.Build.0 = Debug|iPhoneSimulator
		{13425B97-8B15-4AA5-B3DE-70E3BBC2D7E0}.Debug|ARM.ActiveCfg = Debug|iPhoneSimulator
		{13425B97-8B15-4AA5-B3DE-70E3BBC2D7E0}.Debug|ARM.Build.0 = Debug|iPhoneSimulator
		{13425B97-8B15-4AA5-B3DE-70E3BBC2D7E0}.Debug|iPhone.ActiveCfg = Debug|iPhone
		{13425B97-8B15-4AA5-B3DE-70E3BBC2D7E0}.Debug|iPhone.Build.0 = Debug|iPhone
		{13425B97-8B15-4AA5-B3DE-70E3BBC2D7E0}.Debug|iPhoneSimulator.ActiveCfg = Debug|iPhoneSimulator
		{13425B97-8B15-4AA5-B3DE-70E3BBC2D7E0}.Debug|iPhoneSimulator.Build.0 = Debug|iPhoneSimulator
		{13425B97-8B15-4AA5-B3DE-70E3BBC2D7E0}.Debug|x64.ActiveCfg = Debug|iPhoneSimulator
		{13425B97-8B15-4AA5-B3DE-70E3BBC2D7E0}.Debug|x64.Build.0 = Debug|iPhoneSimulator
		{13425B97-8B15-4AA5-B3DE-70E3BBC2D7E0}.Debug|x86.ActiveCfg = Debug|iPhoneSimulator
		{13425B97-8B15-4AA5-B3DE-70E3BBC2D7E0}.Debug|x86.Build.0 = Debug|iPhoneSimulator
		{13425B97-8B15-4AA5-B3DE-70E3BBC2D7E0}.Release|Any CPU.ActiveCfg = Release|iPhoneSimulator
		{13425B97-8B15-4AA5-B3DE-70E3BBC2D7E0}.Release|Any CPU.Build.0 = Release|iPhoneSimulator
		{13425B97-8B15-4AA5-B3DE-70E3BBC2D7E0}.Release|ARM.ActiveCfg = Release|iPhoneSimulator
		{13425B97-8B15-4AA5-B3DE-70E3BBC2D7E0}.Release|ARM.Build.0 = Release|iPhoneSimulator
		{13425B97-8B15-4AA5-B3DE-70E3BBC2D7E0}.Release|iPhone.ActiveCfg = Release|iPhone
		{13425B97-8B15-4AA5-B3DE-70E3BBC2D7E0}.Release|iPhone.Build.0 = Release|iPhone
		{13425B97-8B15-4AA5-B3DE-70E3BBC2D7E0}.Release|iPhoneSimulator.ActiveCfg = Release|iPhoneSimulator
		{13425B97-8B15-4AA5-B3DE-70E3BBC2D7E0}.Release|iPhoneSimulator.Build.0 = Release|iPhoneSimulator
		{13425B97-8B15-4AA5-B3DE-70E3BBC2D7E0}.Release|x64.ActiveCfg = Release|iPhoneSimulator
		{13425B97-8B15-4AA5-B3DE-70E3BBC2D7E0}.Release|x64.Build.0 = Release|iPhoneSimulator
		{13425B97-8B15-4AA5-B3DE-70E3BBC2D7E0}.Release|x86.ActiveCfg = Release|iPhoneSimulator
		{13425B97-8B15-4AA5-B3DE-70E3BBC2D7E0}.Release|x86.Build.0 = Release|iPhoneSimulator
		{70F05FD3-8000-4637-956B-9199A17BA106}.Debug|Any CPU.ActiveCfg = Debug|Any CPU
		{70F05FD3-8000-4637-956B-9199A17BA106}.Debug|Any CPU.Build.0 = Debug|Any CPU
		{70F05FD3-8000-4637-956B-9199A17BA106}.Debug|ARM.ActiveCfg = Debug|Any CPU
		{70F05FD3-8000-4637-956B-9199A17BA106}.Debug|ARM.Build.0 = Debug|Any CPU
		{70F05FD3-8000-4637-956B-9199A17BA106}.Debug|iPhone.ActiveCfg = Debug|Any CPU
		{70F05FD3-8000-4637-956B-9199A17BA106}.Debug|iPhone.Build.0 = Debug|Any CPU
		{70F05FD3-8000-4637-956B-9199A17BA106}.Debug|iPhoneSimulator.ActiveCfg = Debug|Any CPU
		{70F05FD3-8000-4637-956B-9199A17BA106}.Debug|iPhoneSimulator.Build.0 = Debug|Any CPU
		{70F05FD3-8000-4637-956B-9199A17BA106}.Debug|x64.ActiveCfg = Debug|Any CPU
		{70F05FD3-8000-4637-956B-9199A17BA106}.Debug|x64.Build.0 = Debug|Any CPU
		{70F05FD3-8000-4637-956B-9199A17BA106}.Debug|x86.ActiveCfg = Debug|Any CPU
		{70F05FD3-8000-4637-956B-9199A17BA106}.Debug|x86.Build.0 = Debug|Any CPU
		{70F05FD3-8000-4637-956B-9199A17BA106}.Release|Any CPU.ActiveCfg = Release|Any CPU
		{70F05FD3-8000-4637-956B-9199A17BA106}.Release|Any CPU.Build.0 = Release|Any CPU
		{70F05FD3-8000-4637-956B-9199A17BA106}.Release|ARM.ActiveCfg = Release|Any CPU
		{70F05FD3-8000-4637-956B-9199A17BA106}.Release|ARM.Build.0 = Release|Any CPU
		{70F05FD3-8000-4637-956B-9199A17BA106}.Release|iPhone.ActiveCfg = Release|Any CPU
		{70F05FD3-8000-4637-956B-9199A17BA106}.Release|iPhone.Build.0 = Release|Any CPU
		{70F05FD3-8000-4637-956B-9199A17BA106}.Release|iPhoneSimulator.ActiveCfg = Release|Any CPU
		{70F05FD3-8000-4637-956B-9199A17BA106}.Release|iPhoneSimulator.Build.0 = Release|Any CPU
		{70F05FD3-8000-4637-956B-9199A17BA106}.Release|x64.ActiveCfg = Release|Any CPU
		{70F05FD3-8000-4637-956B-9199A17BA106}.Release|x64.Build.0 = Release|Any CPU
		{70F05FD3-8000-4637-956B-9199A17BA106}.Release|x86.ActiveCfg = Release|Any CPU
		{70F05FD3-8000-4637-956B-9199A17BA106}.Release|x86.Build.0 = Release|Any CPU
	EndGlobalSection
	GlobalSection(SolutionProperties) = preSolution
		HideSolutionNode = FALSE
	EndGlobalSection
	GlobalSection(ExtensibilityGlobals) = postSolution
		SolutionGuid = {CE59D0AF-6963-48FF-B869-B295DBF80357}
	EndGlobalSection
EndGlobal
