
Microsoft Visual Studio Solution File, Format Version 12.00
# Visual Studio Version 17
VisualStudioVersion = 17.4.33403.182
MinimumVisualStudioVersion = 10.0.40219.1
Project("{9A19103F-16F7-4668-BE54-9A1E7A4F7556}") = "Application.Database", "Application.Database\Application.Database.csproj", "{B14DA7F3-D3B4-458A-AC38-6DCD92DDE621}"
EndProject
Project("{FAE04EC0-301F-11D3-BF4B-00C04F79EFBC}") = "Application.Mobile.Android", "Application.Mobile\Application.Mobile.Android\Application.Mobile.Android.csproj", "{4D64C361-4A32-4939-8AAB-E6942D858F9B}"
EndProject
Project("{FAE04EC0-301F-11D3-BF4B-00C04F79EFBC}") = "Application.Mobile.iOS", "Application.Mobile\Application.Mobile.iOS\Application.Mobile.iOS.csproj", "{132BEC5A-85F6-48D0-9779-4D8D6A96FB9D}"
EndProject
Project("{9A19103F-16F7-4668-BE54-9A1E7A4F7556}") = "Application.Mobile", "Application.Mobile\Application.Mobile\Application.Mobile.csproj", "{A8ABAC3F-1C94-43E4-932B-60736E18990E}"
EndProject
Project("{9A19103F-16F7-4668-BE54-9A1E7A4F7556}") = "Application.Desktop", "Application.Desktop\Application.Desktop.csproj", "{90CECE98-D17D-4715-8C18-1AA8548A10B1}"
EndProject
Project("{9A19103F-16F7-4668-BE54-9A1E7A4F7556}") = "Application.WebApi", "Application.WebApi\Application.WebApi.csproj", "{FC81895C-1167-4D40-BBCC-63FB67A431E5}"
EndProject
Project("{9A19103F-16F7-4668-BE54-9A1E7A4F7556}") = "Application.Authorize", "Application.Authorize\Application.Authorize.csproj", "{2D8BA4B1-A0EB-436F-B29A-8A986C898BF6}"
EndProject
Project("{9A19103F-16F7-4668-BE54-9A1E7A4F7556}") = "Application.Web.Client", "Application.Web.Client\Application.Web.Client.csproj", "{121AC69C-5402-4F9B-B8F0-4D29E12D9E17}"
EndProject
Global
	GlobalSection(SolutionConfigurationPlatforms) = preSolution
		Debug|Any CPU = Debug|Any CPU
		Debug|iPhone = Debug|iPhone
		Debug|iPhoneSimulator = Debug|iPhoneSimulator
		Release|Any CPU = Release|Any CPU
		Release|iPhone = Release|iPhone
		Release|iPhoneSimulator = Release|iPhoneSimulator
	EndGlobalSection
	GlobalSection(ProjectConfigurationPlatforms) = postSolution
		{B14DA7F3-D3B4-458A-AC38-6DCD92DDE621}.Debug|Any CPU.ActiveCfg = Debug|Any CPU
		{B14DA7F3-D3B4-458A-AC38-6DCD92DDE621}.Debug|Any CPU.Build.0 = Debug|Any CPU
		{B14DA7F3-D3B4-458A-AC38-6DCD92DDE621}.Debug|iPhone.ActiveCfg = Debug|Any CPU
		{B14DA7F3-D3B4-458A-AC38-6DCD92DDE621}.Debug|iPhone.Build.0 = Debug|Any CPU
		{B14DA7F3-D3B4-458A-AC38-6DCD92DDE621}.Debug|iPhoneSimulator.ActiveCfg = Debug|Any CPU
		{B14DA7F3-D3B4-458A-AC38-6DCD92DDE621}.Debug|iPhoneSimulator.Build.0 = Debug|Any CPU
		{B14DA7F3-D3B4-458A-AC38-6DCD92DDE621}.Release|Any CPU.ActiveCfg = Release|Any CPU
		{B14DA7F3-D3B4-458A-AC38-6DCD92DDE621}.Release|Any CPU.Build.0 = Release|Any CPU
		{B14DA7F3-D3B4-458A-AC38-6DCD92DDE621}.Release|iPhone.ActiveCfg = Release|Any CPU
		{B14DA7F3-D3B4-458A-AC38-6DCD92DDE621}.Release|iPhone.Build.0 = Release|Any CPU
		{B14DA7F3-D3B4-458A-AC38-6DCD92DDE621}.Release|iPhoneSimulator.ActiveCfg = Release|Any CPU
		{B14DA7F3-D3B4-458A-AC38-6DCD92DDE621}.Release|iPhoneSimulator.Build.0 = Release|Any CPU
		{4D64C361-4A32-4939-8AAB-E6942D858F9B}.Debug|Any CPU.ActiveCfg = Debug|Any CPU
		{4D64C361-4A32-4939-8AAB-E6942D858F9B}.Debug|Any CPU.Build.0 = Debug|Any CPU
		{4D64C361-4A32-4939-8AAB-E6942D858F9B}.Debug|Any CPU.Deploy.0 = Debug|Any CPU
		{4D64C361-4A32-4939-8AAB-E6942D858F9B}.Debug|iPhone.ActiveCfg = Debug|Any CPU
		{4D64C361-4A32-4939-8AAB-E6942D858F9B}.Debug|iPhone.Build.0 = Debug|Any CPU
		{4D64C361-4A32-4939-8AAB-E6942D858F9B}.Debug|iPhone.Deploy.0 = Debug|Any CPU
		{4D64C361-4A32-4939-8AAB-E6942D858F9B}.Debug|iPhoneSimulator.ActiveCfg = Debug|Any CPU
		{4D64C361-4A32-4939-8AAB-E6942D858F9B}.Debug|iPhoneSimulator.Build.0 = Debug|Any CPU
		{4D64C361-4A32-4939-8AAB-E6942D858F9B}.Debug|iPhoneSimulator.Deploy.0 = Debug|Any CPU
		{4D64C361-4A32-4939-8AAB-E6942D858F9B}.Release|Any CPU.ActiveCfg = Release|Any CPU
		{4D64C361-4A32-4939-8AAB-E6942D858F9B}.Release|Any CPU.Build.0 = Release|Any CPU
		{4D64C361-4A32-4939-8AAB-E6942D858F9B}.Release|Any CPU.Deploy.0 = Release|Any CPU
		{4D64C361-4A32-4939-8AAB-E6942D858F9B}.Release|iPhone.ActiveCfg = Release|Any CPU
		{4D64C361-4A32-4939-8AAB-E6942D858F9B}.Release|iPhone.Build.0 = Release|Any CPU
		{4D64C361-4A32-4939-8AAB-E6942D858F9B}.Release|iPhone.Deploy.0 = Release|Any CPU
		{4D64C361-4A32-4939-8AAB-E6942D858F9B}.Release|iPhoneSimulator.ActiveCfg = Release|Any CPU
		{4D64C361-4A32-4939-8AAB-E6942D858F9B}.Release|iPhoneSimulator.Build.0 = Release|Any CPU
		{4D64C361-4A32-4939-8AAB-E6942D858F9B}.Release|iPhoneSimulator.Deploy.0 = Release|Any CPU
		{132BEC5A-85F6-48D0-9779-4D8D6A96FB9D}.Debug|Any CPU.ActiveCfg = Debug|iPhoneSimulator
		{132BEC5A-85F6-48D0-9779-4D8D6A96FB9D}.Debug|Any CPU.Build.0 = Debug|iPhoneSimulator
		{132BEC5A-85F6-48D0-9779-4D8D6A96FB9D}.Debug|iPhone.ActiveCfg = Debug|iPhone
		{132BEC5A-85F6-48D0-9779-4D8D6A96FB9D}.Debug|iPhone.Build.0 = Debug|iPhone
		{132BEC5A-85F6-48D0-9779-4D8D6A96FB9D}.Debug|iPhoneSimulator.ActiveCfg = Debug|iPhoneSimulator
		{132BEC5A-85F6-48D0-9779-4D8D6A96FB9D}.Debug|iPhoneSimulator.Build.0 = Debug|iPhoneSimulator
		{132BEC5A-85F6-48D0-9779-4D8D6A96FB9D}.Release|Any CPU.ActiveCfg = Release|iPhoneSimulator
		{132BEC5A-85F6-48D0-9779-4D8D6A96FB9D}.Release|Any CPU.Build.0 = Release|iPhoneSimulator
		{132BEC5A-85F6-48D0-9779-4D8D6A96FB9D}.Release|iPhone.ActiveCfg = Release|iPhone
		{132BEC5A-85F6-48D0-9779-4D8D6A96FB9D}.Release|iPhone.Build.0 = Release|iPhone
		{132BEC5A-85F6-48D0-9779-4D8D6A96FB9D}.Release|iPhoneSimulator.ActiveCfg = Release|iPhoneSimulator
		{132BEC5A-85F6-48D0-9779-4D8D6A96FB9D}.Release|iPhoneSimulator.Build.0 = Release|iPhoneSimulator
		{A8ABAC3F-1C94-43E4-932B-60736E18990E}.Debug|Any CPU.ActiveCfg = Debug|Any CPU
		{A8ABAC3F-1C94-43E4-932B-60736E18990E}.Debug|Any CPU.Build.0 = Debug|Any CPU
		{A8ABAC3F-1C94-43E4-932B-60736E18990E}.Debug|iPhone.ActiveCfg = Debug|Any CPU
		{A8ABAC3F-1C94-43E4-932B-60736E18990E}.Debug|iPhone.Build.0 = Debug|Any CPU
		{A8ABAC3F-1C94-43E4-932B-60736E18990E}.Debug|iPhoneSimulator.ActiveCfg = Debug|Any CPU
		{A8ABAC3F-1C94-43E4-932B-60736E18990E}.Debug|iPhoneSimulator.Build.0 = Debug|Any CPU
		{A8ABAC3F-1C94-43E4-932B-60736E18990E}.Release|Any CPU.ActiveCfg = Release|Any CPU
		{A8ABAC3F-1C94-43E4-932B-60736E18990E}.Release|Any CPU.Build.0 = Release|Any CPU
		{A8ABAC3F-1C94-43E4-932B-60736E18990E}.Release|iPhone.ActiveCfg = Release|Any CPU
		{A8ABAC3F-1C94-43E4-932B-60736E18990E}.Release|iPhone.Build.0 = Release|Any CPU
		{A8ABAC3F-1C94-43E4-932B-60736E18990E}.Release|iPhoneSimulator.ActiveCfg = Release|Any CPU
		{A8ABAC3F-1C94-43E4-932B-60736E18990E}.Release|iPhoneSimulator.Build.0 = Release|Any CPU
		{90CECE98-D17D-4715-8C18-1AA8548A10B1}.Debug|Any CPU.ActiveCfg = Debug|Any CPU
		{90CECE98-D17D-4715-8C18-1AA8548A10B1}.Debug|Any CPU.Build.0 = Debug|Any CPU
		{90CECE98-D17D-4715-8C18-1AA8548A10B1}.Debug|iPhone.ActiveCfg = Debug|Any CPU
		{90CECE98-D17D-4715-8C18-1AA8548A10B1}.Debug|iPhone.Build.0 = Debug|Any CPU
		{90CECE98-D17D-4715-8C18-1AA8548A10B1}.Debug|iPhoneSimulator.ActiveCfg = Debug|Any CPU
		{90CECE98-D17D-4715-8C18-1AA8548A10B1}.Debug|iPhoneSimulator.Build.0 = Debug|Any CPU
		{90CECE98-D17D-4715-8C18-1AA8548A10B1}.Release|Any CPU.ActiveCfg = Release|Any CPU
		{90CECE98-D17D-4715-8C18-1AA8548A10B1}.Release|Any CPU.Build.0 = Release|Any CPU
		{90CECE98-D17D-4715-8C18-1AA8548A10B1}.Release|iPhone.ActiveCfg = Release|Any CPU
		{90CECE98-D17D-4715-8C18-1AA8548A10B1}.Release|iPhone.Build.0 = Release|Any CPU
		{90CECE98-D17D-4715-8C18-1AA8548A10B1}.Release|iPhoneSimulator.ActiveCfg = Release|Any CPU
		{90CECE98-D17D-4715-8C18-1AA8548A10B1}.Release|iPhoneSimulator.Build.0 = Release|Any CPU
		{FC81895C-1167-4D40-BBCC-63FB67A431E5}.Debug|Any CPU.ActiveCfg = Debug|Any CPU
		{FC81895C-1167-4D40-BBCC-63FB67A431E5}.Debug|Any CPU.Build.0 = Debug|Any CPU
		{FC81895C-1167-4D40-BBCC-63FB67A431E5}.Debug|iPhone.ActiveCfg = Debug|Any CPU
		{FC81895C-1167-4D40-BBCC-63FB67A431E5}.Debug|iPhone.Build.0 = Debug|Any CPU
		{FC81895C-1167-4D40-BBCC-63FB67A431E5}.Debug|iPhoneSimulator.ActiveCfg = Debug|Any CPU
		{FC81895C-1167-4D40-BBCC-63FB67A431E5}.Debug|iPhoneSimulator.Build.0 = Debug|Any CPU
		{FC81895C-1167-4D40-BBCC-63FB67A431E5}.Release|Any CPU.ActiveCfg = Release|Any CPU
		{FC81895C-1167-4D40-BBCC-63FB67A431E5}.Release|Any CPU.Build.0 = Release|Any CPU
		{FC81895C-1167-4D40-BBCC-63FB67A431E5}.Release|iPhone.ActiveCfg = Release|Any CPU
		{FC81895C-1167-4D40-BBCC-63FB67A431E5}.Release|iPhone.Build.0 = Release|Any CPU
		{FC81895C-1167-4D40-BBCC-63FB67A431E5}.Release|iPhoneSimulator.ActiveCfg = Release|Any CPU
		{FC81895C-1167-4D40-BBCC-63FB67A431E5}.Release|iPhoneSimulator.Build.0 = Release|Any CPU
		{2D8BA4B1-A0EB-436F-B29A-8A986C898BF6}.Debug|Any CPU.ActiveCfg = Debug|Any CPU
		{2D8BA4B1-A0EB-436F-B29A-8A986C898BF6}.Debug|Any CPU.Build.0 = Debug|Any CPU
		{2D8BA4B1-A0EB-436F-B29A-8A986C898BF6}.Debug|iPhone.ActiveCfg = Debug|Any CPU
		{2D8BA4B1-A0EB-436F-B29A-8A986C898BF6}.Debug|iPhone.Build.0 = Debug|Any CPU
		{2D8BA4B1-A0EB-436F-B29A-8A986C898BF6}.Debug|iPhoneSimulator.ActiveCfg = Debug|Any CPU
		{2D8BA4B1-A0EB-436F-B29A-8A986C898BF6}.Debug|iPhoneSimulator.Build.0 = Debug|Any CPU
		{2D8BA4B1-A0EB-436F-B29A-8A986C898BF6}.Release|Any CPU.ActiveCfg = Release|Any CPU
		{2D8BA4B1-A0EB-436F-B29A-8A986C898BF6}.Release|Any CPU.Build.0 = Release|Any CPU
		{2D8BA4B1-A0EB-436F-B29A-8A986C898BF6}.Release|iPhone.ActiveCfg = Release|Any CPU
		{2D8BA4B1-A0EB-436F-B29A-8A986C898BF6}.Release|iPhone.Build.0 = Release|Any CPU
		{2D8BA4B1-A0EB-436F-B29A-8A986C898BF6}.Release|iPhoneSimulator.ActiveCfg = Release|Any CPU
		{2D8BA4B1-A0EB-436F-B29A-8A986C898BF6}.Release|iPhoneSimulator.Build.0 = Release|Any CPU
		{121AC69C-5402-4F9B-B8F0-4D29E12D9E17}.Debug|Any CPU.ActiveCfg = Debug|Any CPU
		{121AC69C-5402-4F9B-B8F0-4D29E12D9E17}.Debug|Any CPU.Build.0 = Debug|Any CPU
		{121AC69C-5402-4F9B-B8F0-4D29E12D9E17}.Debug|iPhone.ActiveCfg = Debug|Any CPU
		{121AC69C-5402-4F9B-B8F0-4D29E12D9E17}.Debug|iPhone.Build.0 = Debug|Any CPU
		{121AC69C-5402-4F9B-B8F0-4D29E12D9E17}.Debug|iPhoneSimulator.ActiveCfg = Debug|Any CPU
		{121AC69C-5402-4F9B-B8F0-4D29E12D9E17}.Debug|iPhoneSimulator.Build.0 = Debug|Any CPU
		{121AC69C-5402-4F9B-B8F0-4D29E12D9E17}.Release|Any CPU.ActiveCfg = Release|Any CPU
		{121AC69C-5402-4F9B-B8F0-4D29E12D9E17}.Release|Any CPU.Build.0 = Release|Any CPU
		{121AC69C-5402-4F9B-B8F0-4D29E12D9E17}.Release|iPhone.ActiveCfg = Release|Any CPU
		{121AC69C-5402-4F9B-B8F0-4D29E12D9E17}.Release|iPhone.Build.0 = Release|Any CPU
		{121AC69C-5402-4F9B-B8F0-4D29E12D9E17}.Release|iPhoneSimulator.ActiveCfg = Release|Any CPU
		{121AC69C-5402-4F9B-B8F0-4D29E12D9E17}.Release|iPhoneSimulator.Build.0 = Release|Any CPU
	EndGlobalSection
	GlobalSection(SolutionProperties) = preSolution
		HideSolutionNode = FALSE
	EndGlobalSection
	GlobalSection(ExtensibilityGlobals) = postSolution
		SolutionGuid = {CE59D0AF-6963-48FF-B869-B295DBF80357}
	EndGlobalSection
EndGlobal
